
Microsoft Visual Studio Solution File, Format Version 12.00
# Visual Studio Version 16
VisualStudioVersion = 16.0.31624.102
MinimumVisualStudioVersion = 10.0.40219.1
Project("{FAE04EC0-301F-11D3-BF4B-00C04F79EFBC}") = "ControlGridView", "ControlGridView\ControlGridView.csproj", "{BAB6325C-0A93-48C4-9C96-C5B8A00765A3}"
EndProject
Global
	GlobalSection(SolutionConfigurationPlatforms) = preSolution
		Debug|Any CPU = Debug|Any CPU
		Release|Any CPU = Release|Any CPU
	EndGlobalSection
	GlobalSection(ProjectConfigurationPlatforms) = postSolution
		{BAB6325C-0A93-48C4-9C96-C5B8A00765A3}.Debug|Any CPU.ActiveCfg = Debug|Any CPU
		{BAB6325C-0A93-48C4-9C96-C5B8A00765A3}.Debug|Any CPU.Build.0 = Debug|Any CPU
		{BAB6325C-0A93-48C4-9C96-C5B8A00765A3}.Release|Any CPU.ActiveCfg = Release|Any CPU
		{BAB6325C-0A93-48C4-9C96-C5B8A00765A3}.Release|Any CPU.Build.0 = Release|Any CPU
	EndGlobalSection
	GlobalSection(SolutionProperties) = preSolution
		HideSolutionNode = FALSE
	EndGlobalSection
	GlobalSection(ExtensibilityGlobals) = postSolution
		SolutionGuid = {D95D0FAE-440C-4E58-B23D-4A24E20735BC}
	EndGlobalSection
EndGlobal
